
Microsoft Visual Studio Solution File, Format Version 12.00
# Visual Studio Version 16
VisualStudioVersion = 16.0.30717.126
MinimumVisualStudioVersion = 10.0.40219.1
Project("{9A19103F-16F7-4668-BE54-9A1E7A4F7556}") = "TestApp", "TestApp\TestApp.csproj", "{DB137FF6-E958-4A4E-885A-B915F1A743AA}"
	ProjectSection(ProjectDependencies) = postProject
		{74358716-D4F9-45FF-AF10-596E5D56E407} = {74358716-D4F9-45FF-AF10-596E5D56E407}
	EndProjectSection
EndProject
Project("{FAE04EC0-301F-11D3-BF4B-00C04F79EFBC}") = "MainApp", "MainApp\MainApp.csproj", "{64E3A5A9-AB47-4ED2-811B-277085FC5485}"
	ProjectSection(ProjectDependencies) = postProject
		{74358716-D4F9-45FF-AF10-596E5D56E407} = {74358716-D4F9-45FF-AF10-596E5D56E407}
	EndProjectSection
EndProject
Project("{FAE04EC0-301F-11D3-BF4B-00C04F79EFBC}") = "SolverLib", "SolverLib\SolverLib.csproj", "{74358716-D4F9-45FF-AF10-596E5D56E407}"
EndProject
Global
	GlobalSection(SolutionConfigurationPlatforms) = preSolution
		Debug|Any CPU = Debug|Any CPU
		Release|Any CPU = Release|Any CPU
	EndGlobalSection
	GlobalSection(ProjectConfigurationPlatforms) = postSolution
		{DB137FF6-E958-4A4E-885A-B915F1A743AA}.Debug|Any CPU.ActiveCfg = Debug|Any CPU
		{DB137FF6-E958-4A4E-885A-B915F1A743AA}.Debug|Any CPU.Build.0 = Debug|Any CPU
		{DB137FF6-E958-4A4E-885A-B915F1A743AA}.Release|Any CPU.ActiveCfg = Release|Any CPU
		{DB137FF6-E958-4A4E-885A-B915F1A743AA}.Release|Any CPU.Build.0 = Release|Any CPU
		{64E3A5A9-AB47-4ED2-811B-277085FC5485}.Debug|Any CPU.ActiveCfg = Debug|Any CPU
		{64E3A5A9-AB47-4ED2-811B-277085FC5485}.Debug|Any CPU.Build.0 = Debug|Any CPU
		{64E3A5A9-AB47-4ED2-811B-277085FC5485}.Release|Any CPU.ActiveCfg = Release|Any CPU
		{64E3A5A9-AB47-4ED2-811B-277085FC5485}.Release|Any CPU.Build.0 = Release|Any CPU
		{74358716-D4F9-45FF-AF10-596E5D56E407}.Debug|Any CPU.ActiveCfg = Debug|Any CPU
		{74358716-D4F9-45FF-AF10-596E5D56E407}.Debug|Any CPU.Build.0 = Debug|Any CPU
		{74358716-D4F9-45FF-AF10-596E5D56E407}.Release|Any CPU.ActiveCfg = Release|Any CPU
		{74358716-D4F9-45FF-AF10-596E5D56E407}.Release|Any CPU.Build.0 = Release|Any CPU
	EndGlobalSection
	GlobalSection(SolutionProperties) = preSolution
		HideSolutionNode = FALSE
	EndGlobalSection
	GlobalSection(ExtensibilityGlobals) = postSolution
		SolutionGuid = {6BBD6B81-D209-49D5-B131-52720A4DA346}
	EndGlobalSection
EndGlobal
